
Microsoft Visual Studio Solution File, Format Version 12.00
# Visual Studio Version 16
VisualStudioVersion = 16.0.29728.190
MinimumVisualStudioVersion = 10.0.40219.1
Project("{9A19103F-16F7-4668-BE54-9A1E7A4F7556}") = "Person", "FirstLibrary\Person.csproj", "{6BDD9A0E-4A5D-4A3D-98AE-C9B78A13BED3}"
EndProject
Project("{9A19103F-16F7-4668-BE54-9A1E7A4F7556}") = "PersonRegister", "PersonRegister\PersonRegister.csproj", "{91C34539-AB1B-4F29-B9AC-68A2B1E08841}"
EndProject
Project("{9A19103F-16F7-4668-BE54-9A1E7A4F7556}") = "Job", "Job\Job.csproj", "{AB45F6E5-AF38-4C40-BF71-93E28DF49B96}"
EndProject
Project("{9A19103F-16F7-4668-BE54-9A1E7A4F7556}") = "Dictionary", "Dictionary\Dictionary.csproj", "{7ADCFA49-6BC1-4108-85AA-F910468C768E}"
EndProject
Project("{FAE04EC0-301F-11D3-BF4B-00C04F79EFBC}") = "MathLibrary", "MathLibrary\MathLibrary.csproj", "{AB821717-FE0C-4C37-8D52-2214D527FD68}"
EndProject
Global
	GlobalSection(SolutionConfigurationPlatforms) = preSolution
		Debug|Any CPU = Debug|Any CPU
		Release|Any CPU = Release|Any CPU
	EndGlobalSection
	GlobalSection(ProjectConfigurationPlatforms) = postSolution
		{6BDD9A0E-4A5D-4A3D-98AE-C9B78A13BED3}.Debug|Any CPU.ActiveCfg = Debug|Any CPU
		{6BDD9A0E-4A5D-4A3D-98AE-C9B78A13BED3}.Debug|Any CPU.Build.0 = Debug|Any CPU
		{6BDD9A0E-4A5D-4A3D-98AE-C9B78A13BED3}.Release|Any CPU.ActiveCfg = Release|Any CPU
		{6BDD9A0E-4A5D-4A3D-98AE-C9B78A13BED3}.Release|Any CPU.Build.0 = Release|Any CPU
		{91C34539-AB1B-4F29-B9AC-68A2B1E08841}.Debug|Any CPU.ActiveCfg = Debug|Any CPU
		{91C34539-AB1B-4F29-B9AC-68A2B1E08841}.Debug|Any CPU.Build.0 = Debug|Any CPU
		{91C34539-AB1B-4F29-B9AC-68A2B1E08841}.Release|Any CPU.ActiveCfg = Release|Any CPU
		{91C34539-AB1B-4F29-B9AC-68A2B1E08841}.Release|Any CPU.Build.0 = Release|Any CPU
		{AB45F6E5-AF38-4C40-BF71-93E28DF49B96}.Debug|Any CPU.ActiveCfg = Debug|Any CPU
		{AB45F6E5-AF38-4C40-BF71-93E28DF49B96}.Debug|Any CPU.Build.0 = Debug|Any CPU
		{AB45F6E5-AF38-4C40-BF71-93E28DF49B96}.Release|Any CPU.ActiveCfg = Release|Any CPU
		{AB45F6E5-AF38-4C40-BF71-93E28DF49B96}.Release|Any CPU.Build.0 = Release|Any CPU
		{7ADCFA49-6BC1-4108-85AA-F910468C768E}.Debug|Any CPU.ActiveCfg = Debug|Any CPU
		{7ADCFA49-6BC1-4108-85AA-F910468C768E}.Debug|Any CPU.Build.0 = Debug|Any CPU
		{7ADCFA49-6BC1-4108-85AA-F910468C768E}.Release|Any CPU.ActiveCfg = Release|Any CPU
		{7ADCFA49-6BC1-4108-85AA-F910468C768E}.Release|Any CPU.Build.0 = Release|Any CPU
		{AB821717-FE0C-4C37-8D52-2214D527FD68}.Debug|Any CPU.ActiveCfg = Debug|Any CPU
		{AB821717-FE0C-4C37-8D52-2214D527FD68}.Debug|Any CPU.Build.0 = Debug|Any CPU
		{AB821717-FE0C-4C37-8D52-2214D527FD68}.Release|Any CPU.ActiveCfg = Release|Any CPU
		{AB821717-FE0C-4C37-8D52-2214D527FD68}.Release|Any CPU.Build.0 = Release|Any CPU
	EndGlobalSection
	GlobalSection(SolutionProperties) = preSolution
		HideSolutionNode = FALSE
	EndGlobalSection
	GlobalSection(ExtensibilityGlobals) = postSolution
		SolutionGuid = {B8EE661E-9682-444C-9EE6-33615CB66F1A}
	EndGlobalSection
EndGlobal
